
Microsoft Visual Studio Solution File, Format Version 12.00
# Visual Studio Version 17
VisualStudioVersion = 17.8.34309.116
MinimumVisualStudioVersion = 10.0.40219.1
Project("{FAE04EC0-301F-11D3-BF4B-00C04F79EFBC}") = "EmployeesCh12", "EmployeesCh12.csproj", "{4E95C2C4-7017-42B5-9F0E-7F844037EAF8}"
EndProject
Global
	GlobalSection(SolutionConfigurationPlatforms) = preSolution
		Debug|Any CPU = Debug|Any CPU
		Release|Any CPU = Release|Any CPU
	EndGlobalSection
	GlobalSection(ProjectConfigurationPlatforms) = postSolution
		{4E95C2C4-7017-42B5-9F0E-7F844037EAF8}.Debug|Any CPU.ActiveCfg = Debug|Any CPU
		{4E95C2C4-7017-42B5-9F0E-7F844037EAF8}.Debug|Any CPU.Build.0 = Debug|Any CPU
		{4E95C2C4-7017-42B5-9F0E-7F844037EAF8}.Release|Any CPU.ActiveCfg = Release|Any CPU
		{4E95C2C4-7017-42B5-9F0E-7F844037EAF8}.Release|Any CPU.Build.0 = Release|Any CPU
	EndGlobalSection
	GlobalSection(SolutionProperties) = preSolution
		HideSolutionNode = FALSE
	EndGlobalSection
	GlobalSection(ExtensibilityGlobals) = postSolution
		SolutionGuid = {EA28536E-D51D-40CA-9F1C-F976866104ED}
	EndGlobalSection
EndGlobal
